
Microsoft Visual Studio Solution File, Format Version 10.00
# Visual Studio 2008
Project("{8BC9CEB8-8B4A-11D0-8D11-00A0C91BC942}") = "Caption2Ass", "Caption2Ass.vcproj", "{35A21733-362A-4CF2-9FD7-9CDABC5E773B}"
EndProject
Global
	GlobalSection(SolutionConfigurationPlatforms) = preSolution
		Debug|Win32 = Debug|Win32
		Release|Win32 = Release|Win32
	EndGlobalSection
	GlobalSection(ProjectConfigurationPlatforms) = postSolution
		{35A21733-362A-4CF2-9FD7-9CDABC5E773B}.Debug|Win32.ActiveCfg = Debug|Win32
		{35A21733-362A-4CF2-9FD7-9CDABC5E773B}.Debug|Win32.Build.0 = Debug|Win32
		{35A21733-362A-4CF2-9FD7-9CDABC5E773B}.Release|Win32.ActiveCfg = Release|Win32
		{35A21733-362A-4CF2-9FD7-9CDABC5E773B}.Release|Win32.Build.0 = Release|Win32
	EndGlobalSection
	GlobalSection(SolutionProperties) = preSolution
		HideSolutionNode = FALSE
	EndGlobalSection
EndGlobal
